
Microsoft Visual Studio Solution File, Format Version 12.00
Project("{2150E333-8FDC-42A3-9474-1A3956D46DE8}") = "Sevices", "Sevices", "{0E7AAA71-5027-4EFD-A795-C5C2A4E73B77}"
EndProject
Project("{FAE04EC0-301F-11D3-BF4B-00C04F79EFBC}") = "Orders.API", "Orders.API\Orders.API.csproj", "{EF8F3AB1-08B3-4ACF-A542-033204B5298D}"
EndProject
Project("{2150E333-8FDC-42A3-9474-1A3956D46DE8}") = "Data ", "Data ", "{3E4F416F-C82F-4152-B77D-4E80EF4234FF}"
EndProject
Project("{FAE04EC0-301F-11D3-BF4B-00C04F79EFBC}") = "SharedData", "SharedData\SharedData.csproj", "{516D3EE9-2846-4C13-9502-3650E0C5D5C3}"
EndProject
Project("{2150E333-8FDC-42A3-9474-1A3956D46DE8}") = "ApiGateways", "ApiGateways", "{619324BE-2702-4DC5-ADFE-2B02CED32342}"
EndProject
Project("{FAE04EC0-301F-11D3-BF4B-00C04F79EFBC}") = "Model", "Model\Model.csproj", "{95A840CA-AF1C-41EA-B09C-2AB561B658A8}"
EndProject
Project("{FAE04EC0-301F-11D3-BF4B-00C04F79EFBC}") = "Auth.API", "Auth.API\Auth.API.csproj", "{8F9CE393-AC32-47C6-ADC5-10C29AE3E6A5}"
EndProject
Project("{FAE04EC0-301F-11D3-BF4B-00C04F79EFBC}") = "Gateway", "Gateway\Gateway.csproj", "{4E19C679-EB42-45ED-B86B-6B0A78D7BF8E}"
EndProject
Project("{FAE04EC0-301F-11D3-BF4B-00C04F79EFBC}") = "Arts.API", "Arts.API\Arts.API.csproj", "{662C1F0D-522A-4AAF-8BCC-3D40E5710AC9}"
EndProject
Project("{FAE04EC0-301F-11D3-BF4B-00C04F79EFBC}") = "ArtistTest.API", "ArtistTest.API\ArtistTest.API.csproj", "{A315DD5A-3077-499A-BEFE-4E0837AB915A}"
EndProject
Project("{FAE04EC0-301F-11D3-BF4B-00C04F79EFBC}") = "Stats.API", "Stats.API\Stats.API.csproj", "{A57DF2E4-8E6C-4D73-8155-19A8E5BF1756}"
EndProject
Project("{FAE04EC0-301F-11D3-BF4B-00C04F79EFBC}") = "IdentityServer", "IdentityServer\IdentityServer.csproj", "{C854ADAF-76A3-4BE6-AD63-59088B9F93F8}"
EndProject
Global
	GlobalSection(SolutionConfigurationPlatforms) = preSolution
		Debug|Any CPU = Debug|Any CPU
		Release|Any CPU = Release|Any CPU
	EndGlobalSection
	GlobalSection(ProjectConfigurationPlatforms) = postSolution
		{EF8F3AB1-08B3-4ACF-A542-033204B5298D}.Debug|Any CPU.ActiveCfg = Debug|Any CPU
		{EF8F3AB1-08B3-4ACF-A542-033204B5298D}.Debug|Any CPU.Build.0 = Debug|Any CPU
		{EF8F3AB1-08B3-4ACF-A542-033204B5298D}.Release|Any CPU.ActiveCfg = Release|Any CPU
		{EF8F3AB1-08B3-4ACF-A542-033204B5298D}.Release|Any CPU.Build.0 = Release|Any CPU
		{EF8F3AB1-08B3-4ACF-A542-033204B5298D}.Release|Any CPU.Deploy.0 = Release|Any CPU
		{516D3EE9-2846-4C13-9502-3650E0C5D5C3}.Debug|Any CPU.ActiveCfg = Debug|Any CPU
		{516D3EE9-2846-4C13-9502-3650E0C5D5C3}.Debug|Any CPU.Build.0 = Debug|Any CPU
		{516D3EE9-2846-4C13-9502-3650E0C5D5C3}.Release|Any CPU.ActiveCfg = Release|Any CPU
		{516D3EE9-2846-4C13-9502-3650E0C5D5C3}.Release|Any CPU.Build.0 = Release|Any CPU
		{516D3EE9-2846-4C13-9502-3650E0C5D5C3}.Release|Any CPU.Deploy.0 = Release|Any CPU
		{95A840CA-AF1C-41EA-B09C-2AB561B658A8}.Debug|Any CPU.ActiveCfg = Debug|Any CPU
		{95A840CA-AF1C-41EA-B09C-2AB561B658A8}.Debug|Any CPU.Build.0 = Debug|Any CPU
		{95A840CA-AF1C-41EA-B09C-2AB561B658A8}.Release|Any CPU.ActiveCfg = Release|Any CPU
		{95A840CA-AF1C-41EA-B09C-2AB561B658A8}.Release|Any CPU.Build.0 = Release|Any CPU
		{8F9CE393-AC32-47C6-ADC5-10C29AE3E6A5}.Debug|Any CPU.ActiveCfg = Debug|Any CPU
		{8F9CE393-AC32-47C6-ADC5-10C29AE3E6A5}.Debug|Any CPU.Build.0 = Debug|Any CPU
		{8F9CE393-AC32-47C6-ADC5-10C29AE3E6A5}.Release|Any CPU.ActiveCfg = Release|Any CPU
		{8F9CE393-AC32-47C6-ADC5-10C29AE3E6A5}.Release|Any CPU.Build.0 = Release|Any CPU
		{4E19C679-EB42-45ED-B86B-6B0A78D7BF8E}.Debug|Any CPU.ActiveCfg = Debug|Any CPU
		{4E19C679-EB42-45ED-B86B-6B0A78D7BF8E}.Debug|Any CPU.Build.0 = Debug|Any CPU
		{4E19C679-EB42-45ED-B86B-6B0A78D7BF8E}.Release|Any CPU.ActiveCfg = Release|Any CPU
		{4E19C679-EB42-45ED-B86B-6B0A78D7BF8E}.Release|Any CPU.Build.0 = Release|Any CPU
		{662C1F0D-522A-4AAF-8BCC-3D40E5710AC9}.Debug|Any CPU.ActiveCfg = Debug|Any CPU
		{662C1F0D-522A-4AAF-8BCC-3D40E5710AC9}.Debug|Any CPU.Build.0 = Debug|Any CPU
		{662C1F0D-522A-4AAF-8BCC-3D40E5710AC9}.Release|Any CPU.ActiveCfg = Release|Any CPU
		{662C1F0D-522A-4AAF-8BCC-3D40E5710AC9}.Release|Any CPU.Build.0 = Release|Any CPU
		{A315DD5A-3077-499A-BEFE-4E0837AB915A}.Debug|Any CPU.ActiveCfg = Debug|Any CPU
		{A315DD5A-3077-499A-BEFE-4E0837AB915A}.Debug|Any CPU.Build.0 = Debug|Any CPU
		{A315DD5A-3077-499A-BEFE-4E0837AB915A}.Release|Any CPU.ActiveCfg = Release|Any CPU
		{A315DD5A-3077-499A-BEFE-4E0837AB915A}.Release|Any CPU.Build.0 = Release|Any CPU
		{A57DF2E4-8E6C-4D73-8155-19A8E5BF1756}.Debug|Any CPU.ActiveCfg = Debug|Any CPU
		{A57DF2E4-8E6C-4D73-8155-19A8E5BF1756}.Debug|Any CPU.Build.0 = Debug|Any CPU
		{A57DF2E4-8E6C-4D73-8155-19A8E5BF1756}.Release|Any CPU.ActiveCfg = Release|Any CPU
		{A57DF2E4-8E6C-4D73-8155-19A8E5BF1756}.Release|Any CPU.Build.0 = Release|Any CPU
		{C854ADAF-76A3-4BE6-AD63-59088B9F93F8}.Debug|Any CPU.ActiveCfg = Debug|Any CPU
		{C854ADAF-76A3-4BE6-AD63-59088B9F93F8}.Debug|Any CPU.Build.0 = Debug|Any CPU
		{C854ADAF-76A3-4BE6-AD63-59088B9F93F8}.Release|Any CPU.ActiveCfg = Release|Any CPU
		{C854ADAF-76A3-4BE6-AD63-59088B9F93F8}.Release|Any CPU.Build.0 = Release|Any CPU
	EndGlobalSection
	GlobalSection(NestedProjects) = preSolution
		{EF8F3AB1-08B3-4ACF-A542-033204B5298D} = {0E7AAA71-5027-4EFD-A795-C5C2A4E73B77}
		{516D3EE9-2846-4C13-9502-3650E0C5D5C3} = {3E4F416F-C82F-4152-B77D-4E80EF4234FF}
		{95A840CA-AF1C-41EA-B09C-2AB561B658A8} = {3E4F416F-C82F-4152-B77D-4E80EF4234FF}
		{8F9CE393-AC32-47C6-ADC5-10C29AE3E6A5} = {0E7AAA71-5027-4EFD-A795-C5C2A4E73B77}
		{4E19C679-EB42-45ED-B86B-6B0A78D7BF8E} = {619324BE-2702-4DC5-ADFE-2B02CED32342}
		{662C1F0D-522A-4AAF-8BCC-3D40E5710AC9} = {0E7AAA71-5027-4EFD-A795-C5C2A4E73B77}
		{A315DD5A-3077-499A-BEFE-4E0837AB915A} = {0E7AAA71-5027-4EFD-A795-C5C2A4E73B77}
		{A57DF2E4-8E6C-4D73-8155-19A8E5BF1756} = {0E7AAA71-5027-4EFD-A795-C5C2A4E73B77}
		{C854ADAF-76A3-4BE6-AD63-59088B9F93F8} = {0E7AAA71-5027-4EFD-A795-C5C2A4E73B77}
	EndGlobalSection
EndGlobal
